
Microsoft Visual Studio Solution File, Format Version 12.00
# Visual Studio 2013
VisualStudioVersion = 12.0.31101.0
MinimumVisualStudioVersion = 10.0.40219.1
Project("{FAE04EC0-301F-11D3-BF4B-00C04F79EFBC}") = "Prilozhenie_3.ODataBackend", "ODataBackend/Prilozhenie_3.ODataBackend.csproj", "{A1B884B5-8E8C-40F1-A832-EB7E041B55C9}"
EndProject
Project("{FAE04EC0-301F-11D3-BF4B-00C04F79EFBC}") = "Prilozhenie_3.Objects", "Objects/Prilozhenie_3.Objects.csproj", "{C9749766-CCFE-4A12-94BE-36F5E51B186A}"
EndProject
Global
	GlobalSection(SolutionConfigurationPlatforms) = preSolution
Debug|Any CPU = Debug|Any CPU
Release|Any CPU = Release|Any CPU
	EndGlobalSection
	GlobalSection(ProjectConfigurationPlatforms) = postSolution
		{A1B884B5-8E8C-40F1-A832-EB7E041B55C9}.Debug|Any CPU.ActiveCfg = Debug|Any CPU
		{A1B884B5-8E8C-40F1-A832-EB7E041B55C9}.Debug|Any CPU.Build.0 = Debug|Any CPU
		{A1B884B5-8E8C-40F1-A832-EB7E041B55C9}.Release|Any CPU.ActiveCfg = Release|Any CPU
		{A1B884B5-8E8C-40F1-A832-EB7E041B55C9}.Release|Any CPU.Build.0 = Release|Any CPU
		{C9749766-CCFE-4A12-94BE-36F5E51B186A}.Debug|Any CPU.ActiveCfg = Debug|Any CPU
		{C9749766-CCFE-4A12-94BE-36F5E51B186A}.Debug|Any CPU.Build.0 = Debug|Any CPU
		{C9749766-CCFE-4A12-94BE-36F5E51B186A}.Release|Any CPU.ActiveCfg = Release|Any CPU
		{C9749766-CCFE-4A12-94BE-36F5E51B186A}.Release|Any CPU.Build.0 = Release|Any CPU
	EndGlobalSection
	GlobalSection(SolutionProperties) = preSolution
		HideSolutionNode = FALSE
	EndGlobalSection
EndGlobal
